// !$*UTF8*$!
{
	archiveVersion = 1;
	classes = {
	};
	objectVersion = 56;
	objects = {

/* Begin PBXBuildFile section */
		8280C20129FCDD7300790DFE /* AppDelegate.swift in Sources */ = {isa = PBXBuildFile; fileRef = 8280C20029FCDD7300790DFE /* AppDelegate.swift */; };
		8280C20529FCDD7300790DFE /* ViewController.swift in Sources */ = {isa = PBXBuildFile; fileRef = 8280C20429FCDD7300790DFE /* ViewController.swift */; };
		8280C20829FCDD7300790DFE /* Main.storyboard in Resources */ = {isa = PBXBuildFile; fileRef = 8280C20629FCDD7300790DFE /* Main.storyboard */; };
		8280C20A29FCDD7400790DFE /* Assets.xcassets in Resources */ = {isa = PBXBuildFile; fileRef = 8280C20929FCDD7400790DFE /* Assets.xcassets */; };
		8280C20D29FCDD7400790DFE /* LaunchScreen.storyboard in Resources */ = {isa = PBXBuildFile; fileRef = 8280C20B29FCDD7400790DFE /* LaunchScreen.storyboard */; };
		8280C21829FCDDEF00790DFE /* TodoModel.swift in Sources */ = {isa = PBXBuildFile; fileRef = 8280C21729FCDDEF00790DFE /* TodoModel.swift */; };
		8280C21A29FCDE0000790DFE /* TodoListViewController.swift in Sources */ = {isa = PBXBuildFile; fileRef = 8280C21929FCDE0000790DFE /* TodoListViewController.swift */; };
		8280C21C29FCDE1100790DFE /* TodoListPresenter.swift in Sources */ = {isa = PBXBuildFile; fileRef = 8280C21B29FCDE1100790DFE /* TodoListPresenter.swift */; };
/* End PBXBuildFile section */

/* Begin PBXFileReference section */
		8280C1FD29FCDD7300790DFE /* MVPTodoApp.app */ = {isa = PBXFileReference; explicitFileType = wrapper.application; includeInIndex = 0; path = MVPTodoApp.app; sourceTree = BUILT_PRODUCTS_DIR; };
		8280C20029FCDD7300790DFE /* AppDelegate.swift */ = {isa = PBXFileReference; lastKnownFileType = sourcecode.swift; path = AppDelegate.swift; sourceTree = "<group>"; };
		8280C20429FCDD7300790DFE /* ViewController.swift */ = {isa = PBXFileReference; lastKnownFileType = sourcecode.swift; path = ViewController.swift; sourceTree = "<group>"; };
		8280C20729FCDD7300790DFE /* Base */ = {isa = PBXFileReference; lastKnownFileType = file.storyboard; name = Base; path = Base.lproj/Main.storyboard; sourceTree = "<group>"; };
		8280C20929FCDD7400790DFE /* Assets.xcassets */ = {isa = PBXFileReference; lastKnownFileType = folder.assetcatalog; path = Assets.xcassets; sourceTree = "<group>"; };
		8280C20C29FCDD7400790DFE /* Base */ = {isa = PBXFileReference; lastKnownFileType = file.storyboard; name = Base; path = Base.lproj/LaunchScreen.storyboard; sourceTree = "<group>"; };
		8280C20E29FCDD7400790DFE /* Info.plist */ = {isa = PBXFileReference; lastKnownFileType = text.plist.xml; path = Info.plist; sourceTree = "<group>"; };
		8280C21729FCDDEF00790DFE /* TodoModel.swift */ = {isa = PBXFileReference; lastKnownFileType = sourcecode.swift; path = TodoModel.swift; sourceTree = "<group>"; };
		8280C21929FCDE0000790DFE /* TodoListViewController.swift */ = {isa = PBXFileReference; lastKnownFileType = sourcecode.swift; path = TodoListViewController.swift; sourceTree = "<group>"; };
		8280C21B29FCDE1100790DFE /* TodoListPresenter.swift */ = {isa = PBXFileReference; lastKnownFileType = sourcecode.swift; path = TodoListPresenter.swift; sourceTree = "<group>"; };
/* End PBXFileReference section */

/* Begin PBXFrameworksBuildPhase section */
		8280C1FA29FCDD7300790DFE /* Frameworks */ = {
			isa = PBXFrameworksBuildPhase;
			buildActionMask = 2147483647;
			files = (
			);
			runOnlyForDeploymentPostprocessing = 0;
		};
/* End PBXFrameworksBuildPhase section */

/* Begin PBXGroup section */
		8280C1F429FCDD7300790DFE = {
			isa = PBXGroup;
			children = (
				8280C1FF29FCDD7300790DFE /* MVPTodoApp */,
				8280C1FE29FCDD7300790DFE /* Products */,
			);
			sourceTree = "<group>";
		};
		8280C1FE29FCDD7300790DFE /* Products */ = {
			isa = PBXGroup;
			children = (
				8280C1FD29FCDD7300790DFE /* MVPTodoApp.app */,
			);
			name = Products;
			sourceTree = "<group>";
		};
		8280C1FF29FCDD7300790DFE /* MVPTodoApp */ = {
			isa = PBXGroup;
			children = (
				8280C20029FCDD7300790DFE /* AppDelegate.swift */,
				8280C21429FCDD9400790DFE /* Model */,
				8280C21529FCDDAB00790DFE /* View */,
				8280C21629FCDDB200790DFE /* Presenter */,
				8280C20429FCDD7300790DFE /* ViewController.swift */,
				8280C20629FCDD7300790DFE /* Main.storyboard */,
				8280C20929FCDD7400790DFE /* Assets.xcassets */,
				8280C20B29FCDD7400790DFE /* LaunchScreen.storyboard */,
				8280C20E29FCDD7400790DFE /* Info.plist */,
			);
			path = MVPTodoApp;
			sourceTree = "<group>";
		};
		8280C21429FCDD9400790DFE /* Model */ = {
			isa = PBXGroup;
			children = (
				8280C21729FCDDEF00790DFE /* TodoModel.swift */,
			);
			path = Model;
			sourceTree = "<group>";
		};
		8280C21529FCDDAB00790DFE /* View */ = {
			isa = PBXGroup;
			children = (
				8280C21929FCDE0000790DFE /* TodoListViewController.swift */,
			);
			path = View;
			sourceTree = "<group>";
		};
		8280C21629FCDDB200790DFE /* Presenter */ = {
			isa = PBXGroup;
			children = (
				8280C21B29FCDE1100790DFE /* TodoListPresenter.swift */,
			);
			path = Presenter;
			sourceTree = "<group>";
		};
/* End PBXGroup section */

/* Begin PBXNativeTarget section */
		8280C1FC29FCDD7300790DFE /* MVPTodoApp */ = {
			isa = PBXNativeTarget;
			buildConfigurationList = 8280C21129FCDD7400790DFE /* Build configuration list for PBXNativeTarget "MVPTodoApp" */;
			buildPhases = (
				8280C1F929FCDD7300790DFE /* Sources */,
				8280C1FA29FCDD7300790DFE /* Frameworks */,
				8280C1FB29FCDD7300790DFE /* Resources */,
			);
			buildRules = (
			);
			dependencies = (
			);
			name = MVPTodoApp;
			productName = MVPTodoApp;
			productReference = 8280C1FD29FCDD7300790DFE /* MVPTodoApp.app */;
			productType = "com.apple.product-type.application";
		};
/* End PBXNativeTarget section */

/* Begin PBXProject section */
		8280C1F529FCDD7300790DFE /* Project object */ = {
			isa = PBXProject;
			attributes = {
				BuildIndependentTargetsInParallel = 1;
				LastSwiftUpdateCheck = 1430;
				LastUpgradeCheck = 1430;
				TargetAttributes = {
					8280C1FC29FCDD7300790DFE = {
						CreatedOnToolsVersion = 14.3;
					};
				};
			};
			buildConfigurationList = 8280C1F829FCDD7300790DFE /* Build configuration list for PBXProject "MVPTodoApp" */;
			compatibilityVersion = "Xcode 14.0";
			developmentRegion = en;
			hasScannedForEncodings = 0;
			knownRegions = (
				en,
				Base,
			);
			mainGroup = 8280C1F429FCDD7300790DFE;
			productRefGroup = 8280C1FE29FCDD7300790DFE /* Products */;
			projectDirPath = "";
			projectRoot = "";
			targets = (
				8280C1FC29FCDD7300790DFE /* MVPTodoApp */,
			);
		};
/* End PBXProject section */

/* Begin PBXResourcesBuildPhase section */
		8280C1FB29FCDD7300790DFE /* Resources */ = {
			isa = PBXResourcesBuildPhase;
			buildActionMask = 2147483647;
			files = (
				8280C20D29FCDD7400790DFE /* LaunchScreen.storyboard in Resources */,
				8280C20A29FCDD7400790DFE /* Assets.xcassets in Resources */,
				8280C20829FCDD7300790DFE /* Main.storyboard in Resources */,
			);
			runOnlyForDeploymentPostprocessing = 0;
		};
/* End PBXResourcesBuildPhase section */

/* Begin PBXSourcesBuildPhase section */
		8280C1F929FCDD7300790DFE /* Sources */ = {
			isa = PBXSourcesBuildPhase;
			buildActionMask = 2147483647;
			files = (
				8280C21C29FCDE1100790DFE /* TodoListPresenter.swift in Sources */,
				8280C20529FCDD7300790DFE /* ViewController.swift in Sources */,
				8280C21829FCDDEF00790DFE /* TodoModel.swift in Sources */,
				8280C20129FCDD7300790DFE /* AppDelegate.swift in Sources */,
				8280C21A29FCDE0000790DFE /* TodoListViewController.swift in Sources */,
			);
			runOnlyForDeploymentPostprocessing = 0;
		};
/* End PBXSourcesBuildPhase section */

/* Begin PBXVariantGroup section */
		8280C20629FCDD7300790DFE /* Main.storyboard */ = {
			isa = PBXVariantGroup;
			children = (
				8280C20729FCDD7300790DFE /* Base */,
			);
			name = Main.storyboard;
			sourceTree = "<group>";
		};
		8280C20B29FCDD7400790DFE /* LaunchScreen.storyboard */ = {
			isa = PBXVariantGroup;
			children = (
				8280C20C29FCDD7400790DFE /* Base */,
			);
			name = LaunchScreen.storyboard;
			sourceTree = "<group>";
		};
/* End PBXVariantGroup section */

/* Begin XCBuildConfiguration section */
		8280C20F29FCDD7400790DFE /* Debug */ = {
			isa = XCBuildConfiguration;
			buildSettings = {
				ALWAYS_SEARCH_USER_PATHS = NO;
				CLANG_ANALYZER_NONNULL = YES;
				CLANG_ANALYZER_NUMBER_OBJECT_CONVERSION = YES_AGGRESSIVE;
				CLANG_CXX_LANGUAGE_STANDARD = "gnu++20";
				CLANG_ENABLE_MODULES = YES;
				CLANG_ENABLE_OBJC_ARC = YES;
				CLANG_ENABLE_OBJC_WEAK = YES;
				CLANG_WARN_BLOCK_CAPTURE_AUTORELEASING = YES;
				CLANG_WARN_BOOL_CONVERSION = YES;
				CLANG_WARN_COMMA = YES;
				CLANG_WARN_CONSTANT_CONVERSION = YES;
				CLANG_WARN_DEPRECATED_OBJC_IMPLEMENTATIONS = YES;
				CLANG_WARN_DIRECT_OBJC_ISA_USAGE = YES_ERROR;
				CLANG_WARN_DOCUMENTATION_COMMENTS = YES;
				CLANG_WARN_EMPTY_BODY = YES;
				CLANG_WARN_ENUM_CONVERSION = YES;
				CLANG_WARN_INFINITE_RECURSION = YES;
				CLANG_WARN_INT_CONVERSION = YES;
				CLANG_WARN_NON_LITERAL_NULL_CONVERSION = YES;
				CLANG_WARN_OBJC_IMPLICIT_RETAIN_SELF = YES;
				CLANG_WARN_OBJC_LITERAL_CONVERSION = YES;
				CLANG_WARN_OBJC_ROOT_CLASS = YES_ERROR;
				CLANG_WARN_QUOTED_INCLUDE_IN_FRAMEWORK_HEADER = YES;
				CLANG_WARN_RANGE_LOOP_ANALYSIS = YES;
				CLANG_WARN_STRICT_PROTOTYPES = YES;
				CLANG_WARN_SUSPICIOUS_MOVE = YES;
				CLANG_WARN_UNGUARDED_AVAILABILITY = YES_AGGRESSIVE;
				CLANG_WARN_UNREACHABLE_CODE = YES;
				CLANG_WARN__DUPLICATE_METHOD_MATCH = YES;
				COPY_PHASE_STRIP = NO;
				DEBUG_INFORMATION_FORMAT = dwarf;
				ENABLE_STRICT_OBJC_MSGSEND = YES;
				ENABLE_TESTABILITY = YES;
				GCC_C_LANGUAGE_STANDARD = gnu11;
				GCC_DYNAMIC_NO_PIC = NO;
				GCC_NO_COMMON_BLOCKS = YES;
				GCC_OPTIMIZATION_LEVEL = 0;
				GCC_PREPROCESSOR_DEFINITIONS = (
					"DEBUG=1",
					"$(inherited)",
				);
				GCC_WARN_64_TO_32_BIT_CONVERSION = YES;
				GCC_WARN_ABOUT_RETURN_TYPE = YES_ERROR;
				GCC_WARN_UNDECLARED_SELECTOR = YES;
				GCC_WARN_UNINITIALIZED_AUTOS = YES_AGGRESSIVE;
				GCC_WARN_UNUSED_FUNCTION = YES;
				GCC_WARN_UNUSED_VARIABLE = YES;
				IPHONEOS_DEPLOYMENT_TARGET = 16.4;
				MTL_ENABLE_DEBUG_INFO = INCLUDE_SOURCE;
				MTL_FAST_MATH = YES;
				ONLY_ACTIVE_ARCH = YES;
				SDKROOT = iphoneos;
				SWIFT_ACTIVE_COMPILATION_CONDITIONS = DEBUG;
				SWIFT_OPTIMIZATION_LEVEL = "-Onone";
			};
			name = Debug;
		};
		8280C21029FCDD7400790DFE /* Release */ = {
			isa = XCBuildConfiguration;
			buildSettings = {
				ALWAYS_SEARCH_USER_PATHS = NO;
				CLANG_ANALYZER_NONNULL = YES;
				CLANG_ANALYZER_NUMBER_OBJECT_CONVERSION = YES_AGGRESSIVE;
				CLANG_CXX_LANGUAGE_STANDARD = "gnu++20";
				CLANG_ENABLE_MODULES = YES;
				CLANG_ENABLE_OBJC_ARC = YES;
				CLANG_ENABLE_OBJC_WEAK = YES;
				CLANG_WARN_BLOCK_CAPTURE_AUTORELEASING = YES;
				CLANG_WARN_BOOL_CONVERSION = YES;
				CLANG_WARN_COMMA = YES;
				CLANG_WARN_CONSTANT_CONVERSION = YES;
				CLANG_WARN_DEPRECATED_OBJC_IMPLEMENTATIONS = YES;
				CLANG_WARN_DIRECT_OBJC_ISA_USAGE = YES_ERROR;
				CLANG_WARN_DOCUMENTATION_COMMENTS = YES;
				CLANG_WARN_EMPTY_BODY = YES;
				CLANG_WARN_ENUM_CONVERSION = YES;
				CLANG_WARN_INFINITE_RECURSION = YES;
				CLANG_WARN_INT_CONVERSION = YES;
				CLANG_WARN_NON_LITERAL_NULL_CONVERSION = YES;
				CLANG_WARN_OBJC_IMPLICIT_RETAIN_SELF = YES;
				CLANG_WARN_OBJC_LITERAL_CONVERSION = YES;
				CLANG_WARN_OBJC_ROOT_CLASS = YES_ERROR;
				CLANG_WARN_QUOTED_INCLUDE_IN_FRAMEWORK_HEADER = YES;
				CLANG_WARN_RANGE_LOOP_ANALYSIS = YES;
				CLANG_WARN_STRICT_PROTOTYPES = YES;
				CLANG_WARN_SUSPICIOUS_MOVE = YES;
				CLANG_WARN_UNGUARDED_AVAILABILITY = YES_AGGRESSIVE;
				CLANG_WARN_UNREACHABLE_CODE = YES;
				CLANG_WARN__DUPLICATE_METHOD_MATCH = YES;
				COPY_PHASE_STRIP = NO;
				DEBUG_INFORMATION_FORMAT = "dwarf-with-dsym";
				ENABLE_NS_ASSERTIONS = NO;
				ENABLE_STRICT_OBJC_MSGSEND = YES;
				GCC_C_LANGUAGE_STANDARD = gnu11;
				GCC_NO_COMMON_BLOCKS = YES;
				GCC_WARN_64_TO_32_BIT_CONVERSION = YES;
				GCC_WARN_ABOUT_RETURN_TYPE = YES_ERROR;
				GCC_WARN_UNDECLARED_SELECTOR = YES;
				GCC_WARN_UNINITIALIZED_AUTOS = YES_AGGRESSIVE;
				GCC_WARN_UNUSED_FUNCTION = YES;
				GCC_WARN_UNUSED_VARIABLE = YES;
				IPHONEOS_DEPLOYMENT_TARGET = 16.4;
				MTL_ENABLE_DEBUG_INFO = NO;
				MTL_FAST_MATH = YES;
				SDKROOT = iphoneos;
				SWIFT_COMPILATION_MODE = wholemodule;
				SWIFT_OPTIMIZATION_LEVEL = "-O";
				VALIDATE_PRODUCT = YES;
			};
			name = Release;
		};
		8280C21229FCDD7400790DFE /* Debug */ = {
			isa = XCBuildConfiguration;
			buildSettings = {
				ASSETCATALOG_COMPILER_APPICON_NAME = AppIcon;
				ASSETCATALOG_COMPILER_GLOBAL_ACCENT_COLOR_NAME = AccentColor;
				CODE_SIGN_STYLE = Automatic;
				CURRENT_PROJECT_VERSION = 1;
				DEVELOPMENT_TEAM = 35J88B9SPN;
				GENERATE_INFOPLIST_FILE = YES;
				INFOPLIST_FILE = MVPTodoApp/Info.plist;
				INFOPLIST_KEY_UIApplicationSupportsIndirectInputEvents = YES;
				INFOPLIST_KEY_UILaunchStoryboardName = LaunchScreen;
				INFOPLIST_KEY_UIMainStoryboardFile = Main;
				INFOPLIST_KEY_UISupportedInterfaceOrientations_iPad = "UIInterfaceOrientationPortrait UIInterfaceOrientationPortraitUpsideDown UIInterfaceOrientationLandscapeLeft UIInterfaceOrientationLandscapeRight";
				INFOPLIST_KEY_UISupportedInterfaceOrientations_iPhone = "UIInterfaceOrientationPortrait UIInterfaceOrientationLandscapeLeft UIInterfaceOrientationLandscapeRight";
				LD_RUNPATH_SEARCH_PATHS = (
					"$(inherited)",
					"@executable_path/Frameworks",
				);
				MARKETING_VERSION = 1.0;
				PRODUCT_BUNDLE_IDENTIFIER = app.harutyan.haruta.MVPTodoApp;
				PRODUCT_NAME = "$(TARGET_NAME)";
				SWIFT_EMIT_LOC_STRINGS = YES;
				SWIFT_VERSION = 5.0;
				TARGETED_DEVICE_FAMILY = "1,2";
			};
			name = Debug;
		};
		8280C21329FCDD7400790DFE /* Release */ = {
			isa = XCBuildConfiguration;
			buildSettings = {
				ASSETCATALOG_COMPILER_APPICON_NAME = AppIcon;
				ASSETCATALOG_COMPILER_GLOBAL_ACCENT_COLOR_NAME = AccentColor;
				CODE_SIGN_STYLE = Automatic;
				CURRENT_PROJECT_VERSION = 1;
				DEVELOPMENT_TEAM = 35J88B9SPN;
				GENERATE_INFOPLIST_FILE = YES;
				INFOPLIST_FILE = MVPTodoApp/Info.plist;
				INFOPLIST_KEY_UIApplicationSupportsIndirectInputEvents = YES;
				INFOPLIST_KEY_UILaunchStoryboardName = LaunchScreen;
				INFOPLIST_KEY_UIMainStoryboardFile = Main;
				INFOPLIST_KEY_UISupportedInterfaceOrientations_iPad = "UIInterfaceOrientationPortrait UIInterfaceOrientationPortraitUpsideDown UIInterfaceOrientationLandscapeLeft UIInterfaceOrientationLandscapeRight";
				INFOPLIST_KEY_UISupportedInterfaceOrientations_iPhone = "UIInterfaceOrientationPortrait UIInterfaceOrientationLandscapeLeft UIInterfaceOrientationLandscapeRight";
				LD_RUNPATH_SEARCH_PATHS = (
					"$(inherited)",
					"@executable_path/Frameworks",
				);
				MARKETING_VERSION = 1.0;
				PRODUCT_BUNDLE_IDENTIFIER = app.harutyan.haruta.MVPTodoApp;
				PRODUCT_NAME = "$(TARGET_NAME)";
				SWIFT_EMIT_LOC_STRINGS = YES;
				SWIFT_VERSION = 5.0;
				TARGETED_DEVICE_FAMILY = "1,2";
			};
			name = Release;
		};
/* End XCBuildConfiguration section */

/* Begin XCConfigurationList section */
		8280C1F829FCDD7300790DFE /* Build configuration list for PBXProject "MVPTodoApp" */ = {
			isa = XCConfigurationList;
			buildConfigurations = (
				8280C20F29FCDD7400790DFE /* Debug */,
				8280C21029FCDD7400790DFE /* Release */,
			);
			defaultConfigurationIsVisible = 0;
			defaultConfigurationName = Release;
		};
		8280C21129FCDD7400790DFE /* Build configuration list for PBXNativeTarget "MVPTodoApp" */ = {
			isa = XCConfigurationList;
			buildConfigurations = (
				8280C21229FCDD7400790DFE /* Debug */,
				8280C21329FCDD7400790DFE /* Release */,
			);
			defaultConfigurationIsVisible = 0;
			defaultConfigurationName = Release;
		};
/* End XCConfigurationList section */
	};
	rootObject = 8280C1F529FCDD7300790DFE /* Project object */;
}
